
Microsoft Visual Studio Solution File, Format Version 12.00
# Visual Studio Version 17
VisualStudioVersion = 17.0.31919.166
MinimumVisualStudioVersion = 10.0.40219.1
Project("{9A19103F-16F7-4668-BE54-9A1E7A4F7556}") = "NetSuiteRestApiTbaDemo.Core", "NetSuiteRestApiTbaDemo.Core\NetSuiteRestApiTbaDemo.Core.csproj", "{160D7BDC-EDCC-4E7B-B4DF-B18B195A7FD2}"
EndProject
Project("{9A19103F-16F7-4668-BE54-9A1E7A4F7556}") = "NetSuiteRestApiTbaDemo.Core.Tests", "NetSuiteRestApiTbaDemo.Core.Tests\NetSuiteRestApiTbaDemo.Core.Tests.csproj", "{A92F64C2-B1D7-43A3-A71E-B8292BD960A1}"
EndProject
Global
	GlobalSection(SolutionConfigurationPlatforms) = preSolution
		Debug|Any CPU = Debug|Any CPU
		Release|Any CPU = Release|Any CPU
	EndGlobalSection
	GlobalSection(ProjectConfigurationPlatforms) = postSolution
		{160D7BDC-EDCC-4E7B-B4DF-B18B195A7FD2}.Debug|Any CPU.ActiveCfg = Debug|Any CPU
		{160D7BDC-EDCC-4E7B-B4DF-B18B195A7FD2}.Debug|Any CPU.Build.0 = Debug|Any CPU
		{160D7BDC-EDCC-4E7B-B4DF-B18B195A7FD2}.Release|Any CPU.ActiveCfg = Release|Any CPU
		{160D7BDC-EDCC-4E7B-B4DF-B18B195A7FD2}.Release|Any CPU.Build.0 = Release|Any CPU
		{A92F64C2-B1D7-43A3-A71E-B8292BD960A1}.Debug|Any CPU.ActiveCfg = Debug|Any CPU
		{A92F64C2-B1D7-43A3-A71E-B8292BD960A1}.Debug|Any CPU.Build.0 = Debug|Any CPU
		{A92F64C2-B1D7-43A3-A71E-B8292BD960A1}.Release|Any CPU.ActiveCfg = Release|Any CPU
		{A92F64C2-B1D7-43A3-A71E-B8292BD960A1}.Release|Any CPU.Build.0 = Release|Any CPU
	EndGlobalSection
	GlobalSection(SolutionProperties) = preSolution
		HideSolutionNode = FALSE
	EndGlobalSection
	GlobalSection(ExtensibilityGlobals) = postSolution
		SolutionGuid = {5F96D5E7-1543-4C2A-BF4E-C6008BD72E87}
	EndGlobalSection
EndGlobal
